// !$*UTF8*$!
{
	archiveVersion = 1;
	classes = {
	};
	objectVersion = 52;
	objects = {

/* Begin PBXBuildFile section */
		03F0C05B24D7757F00B8E8CF /* main.swift in Sources */ = {isa = PBXBuildFile; fileRef = 03F0C05A24D7757F00B8E8CF /* main.swift */; };
		03F0C06324D775F000B8E8CF /* SwiftPM in Frameworks */ = {isa = PBXBuildFile; productRef = 03F0C06224D775F000B8E8CF /* SwiftPM */; };
		03F0C06424D775F000B8E8CF /* SwiftPM in Embed Frameworks */ = {isa = PBXBuildFile; productRef = 03F0C06224D775F000B8E8CF /* SwiftPM */; settings = {ATTRIBUTES = (CodeSignOnCopy, ); }; };
		03F0C06824D7766A00B8E8CF /* SwiftSyntax in Frameworks */ = {isa = PBXBuildFile; productRef = 03F0C06724D7766A00B8E8CF /* SwiftSyntax */; };
		03F0C06A24D7766A00B8E8CF /* SwiftSyntaxBuilder in Frameworks */ = {isa = PBXBuildFile; productRef = 03F0C06924D7766A00B8E8CF /* SwiftSyntaxBuilder */; };
/* End PBXBuildFile section */

/* Begin PBXCopyFilesBuildPhase section */
		03F0C05524D7757F00B8E8CF /* CopyFiles */ = {
			isa = PBXCopyFilesBuildPhase;
			buildActionMask = 2147483647;
			dstPath = /usr/share/man/man1/;
			dstSubfolderSpec = 0;
			files = (
			);
			runOnlyForDeploymentPostprocessing = 1;
		};
		03F0C06524D775F000B8E8CF /* Embed Frameworks */ = {
			isa = PBXCopyFilesBuildPhase;
			buildActionMask = 2147483647;
			dstPath = "";
			dstSubfolderSpec = 10;
			files = (
				03F0C06424D775F000B8E8CF /* SwiftPM in Embed Frameworks */,
			);
			name = "Embed Frameworks";
			runOnlyForDeploymentPostprocessing = 0;
		};
/* End PBXCopyFilesBuildPhase section */

/* Begin PBXFileReference section */
		03F0C05724D7757F00B8E8CF /* CommandLine */ = {isa = PBXFileReference; explicitFileType = "compiled.mach-o.executable"; includeInIndex = 0; path = CommandLine; sourceTree = BUILT_PRODUCTS_DIR; };
		03F0C05A24D7757F00B8E8CF /* main.swift */ = {isa = PBXFileReference; lastKnownFileType = sourcecode.swift; path = main.swift; sourceTree = "<group>"; };
/* End PBXFileReference section */

/* Begin PBXFrameworksBuildPhase section */
		03F0C05424D7757F00B8E8CF /* Frameworks */ = {
			isa = PBXFrameworksBuildPhase;
			buildActionMask = 2147483647;
			files = (
				03F0C06324D775F000B8E8CF /* SwiftPM in Frameworks */,
				03F0C06A24D7766A00B8E8CF /* SwiftSyntaxBuilder in Frameworks */,
				03F0C06824D7766A00B8E8CF /* SwiftSyntax in Frameworks */,
			);
			runOnlyForDeploymentPostprocessing = 0;
		};
/* End PBXFrameworksBuildPhase section */

/* Begin PBXGroup section */
		03F0C04E24D7757F00B8E8CF = {
			isa = PBXGroup;
			children = (
				03F0C05924D7757F00B8E8CF /* CommandLine */,
				03F0C05824D7757F00B8E8CF /* Products */,
			);
			sourceTree = "<group>";
		};
		03F0C05824D7757F00B8E8CF /* Products */ = {
			isa = PBXGroup;
			children = (
				03F0C05724D7757F00B8E8CF /* CommandLine */,
			);
			name = Products;
			sourceTree = "<group>";
		};
		03F0C05924D7757F00B8E8CF /* CommandLine */ = {
			isa = PBXGroup;
			children = (
				03F0C05A24D7757F00B8E8CF /* main.swift */,
			);
			path = CommandLine;
			sourceTree = "<group>";
		};
/* End PBXGroup section */

/* Begin PBXNativeTarget section */
		03F0C05624D7757F00B8E8CF /* CommandLine */ = {
			isa = PBXNativeTarget;
			buildConfigurationList = 03F0C05E24D7757F00B8E8CF /* Build configuration list for PBXNativeTarget "CommandLine" */;
			buildPhases = (
				03F0C05324D7757F00B8E8CF /* Sources */,
				03F0C05424D7757F00B8E8CF /* Frameworks */,
				03F0C05524D7757F00B8E8CF /* CopyFiles */,
				03F0C06524D775F000B8E8CF /* Embed Frameworks */,
			);
			buildRules = (
			);
			dependencies = (
			);
			name = CommandLine;
			packageProductDependencies = (
				03F0C06224D775F000B8E8CF /* SwiftPM */,
				03F0C06724D7766A00B8E8CF /* SwiftSyntax */,
				03F0C06924D7766A00B8E8CF /* SwiftSyntaxBuilder */,
			);
			productName = CommandLine;
			productReference = 03F0C05724D7757F00B8E8CF /* CommandLine */;
			productType = "com.apple.product-type.tool";
		};
/* End PBXNativeTarget section */

/* Begin PBXProject section */
		03F0C04F24D7757F00B8E8CF /* Project object */ = {
			isa = PBXProject;
			attributes = {
				LastSwiftUpdateCheck = 1150;
				LastUpgradeCheck = 1150;
				ORGANIZATIONNAME = "Joshua Adams";
				TargetAttributes = {
					03F0C05624D7757F00B8E8CF = {
						CreatedOnToolsVersion = 11.5;
					};
				};
			};
			buildConfigurationList = 03F0C05224D7757F00B8E8CF /* Build configuration list for PBXProject "CommandLine" */;
			compatibilityVersion = "Xcode 9.3";
			developmentRegion = en;
			hasScannedForEncodings = 0;
			knownRegions = (
				en,
				Base,
			);
			mainGroup = 03F0C04E24D7757F00B8E8CF;
			packageReferences = (
				03F0C06124D775F000B8E8CF /* XCRemoteSwiftPackageReference "swift-package-manager" */,
				03F0C06624D7766A00B8E8CF /* XCRemoteSwiftPackageReference "swift-syntax" */,
			);
			productRefGroup = 03F0C05824D7757F00B8E8CF /* Products */;
			projectDirPath = "";
			projectRoot = "";
			targets = (
				03F0C05624D7757F00B8E8CF /* CommandLine */,
			);
		};
/* End PBXProject section */

/* Begin PBXSourcesBuildPhase section */
		03F0C05324D7757F00B8E8CF /* Sources */ = {
			isa = PBXSourcesBuildPhase;
			buildActionMask = 2147483647;
			files = (
				03F0C05B24D7757F00B8E8CF /* main.swift in Sources */,
			);
			runOnlyForDeploymentPostprocessing = 0;
		};
/* End PBXSourcesBuildPhase section */

/* Begin XCBuildConfiguration section */
		03F0C05C24D7757F00B8E8CF /* Debug */ = {
			isa = XCBuildConfiguration;
			buildSettings = {
				ALWAYS_SEARCH_USER_PATHS = NO;
				CLANG_ANALYZER_NONNULL = YES;
				CLANG_ANALYZER_NUMBER_OBJECT_CONVERSION = YES_AGGRESSIVE;
				CLANG_CXX_LANGUAGE_STANDARD = "gnu++14";
				CLANG_CXX_LIBRARY = "libc++";
				CLANG_ENABLE_MODULES = YES;
				CLANG_ENABLE_OBJC_ARC = YES;
				CLANG_ENABLE_OBJC_WEAK = YES;
				CLANG_WARN_BLOCK_CAPTURE_AUTORELEASING = YES;
				CLANG_WARN_BOOL_CONVERSION = YES;
				CLANG_WARN_COMMA = YES;
				CLANG_WARN_CONSTANT_CONVERSION = YES;
				CLANG_WARN_DEPRECATED_OBJC_IMPLEMENTATIONS = YES;
				CLANG_WARN_DIRECT_OBJC_ISA_USAGE = YES_ERROR;
				CLANG_WARN_DOCUMENTATION_COMMENTS = YES;
				CLANG_WARN_EMPTY_BODY = YES;
				CLANG_WARN_ENUM_CONVERSION = YES;
				CLANG_WARN_INFINITE_RECURSION = YES;
				CLANG_WARN_INT_CONVERSION = YES;
				CLANG_WARN_NON_LITERAL_NULL_CONVERSION = YES;
				CLANG_WARN_OBJC_IMPLICIT_RETAIN_SELF = YES;
				CLANG_WARN_OBJC_LITERAL_CONVERSION = YES;
				CLANG_WARN_OBJC_ROOT_CLASS = YES_ERROR;
				CLANG_WARN_RANGE_LOOP_ANALYSIS = YES;
				CLANG_WARN_STRICT_PROTOTYPES = YES;
				CLANG_WARN_SUSPICIOUS_MOVE = YES;
				CLANG_WARN_UNGUARDED_AVAILABILITY = YES_AGGRESSIVE;
				CLANG_WARN_UNREACHABLE_CODE = YES;
				CLANG_WARN__DUPLICATE_METHOD_MATCH = YES;
				COPY_PHASE_STRIP = NO;
				DEBUG_INFORMATION_FORMAT = dwarf;
				ENABLE_STRICT_OBJC_MSGSEND = YES;
				ENABLE_TESTABILITY = YES;
				GCC_C_LANGUAGE_STANDARD = gnu11;
				GCC_DYNAMIC_NO_PIC = NO;
				GCC_NO_COMMON_BLOCKS = YES;
				GCC_OPTIMIZATION_LEVEL = 0;
				GCC_PREPROCESSOR_DEFINITIONS = (
					"DEBUG=1",
					"$(inherited)",
				);
				GCC_WARN_64_TO_32_BIT_CONVERSION = YES;
				GCC_WARN_ABOUT_RETURN_TYPE = YES_ERROR;
				GCC_WARN_UNDECLARED_SELECTOR = YES;
				GCC_WARN_UNINITIALIZED_AUTOS = YES_AGGRESSIVE;
				GCC_WARN_UNUSED_FUNCTION = YES;
				GCC_WARN_UNUSED_VARIABLE = YES;
				MACOSX_DEPLOYMENT_TARGET = 10.15;
				MTL_ENABLE_DEBUG_INFO = INCLUDE_SOURCE;
				MTL_FAST_MATH = YES;
				ONLY_ACTIVE_ARCH = YES;
				SDKROOT = macosx;
				SWIFT_ACTIVE_COMPILATION_CONDITIONS = DEBUG;
				SWIFT_OPTIMIZATION_LEVEL = "-Onone";
			};
			name = Debug;
		};
		03F0C05D24D7757F00B8E8CF /* Release */ = {
			isa = XCBuildConfiguration;
			buildSettings = {
				ALWAYS_SEARCH_USER_PATHS = NO;
				CLANG_ANALYZER_NONNULL = YES;
				CLANG_ANALYZER_NUMBER_OBJECT_CONVERSION = YES_AGGRESSIVE;
				CLANG_CXX_LANGUAGE_STANDARD = "gnu++14";
				CLANG_CXX_LIBRARY = "libc++";
				CLANG_ENABLE_MODULES = YES;
				CLANG_ENABLE_OBJC_ARC = YES;
				CLANG_ENABLE_OBJC_WEAK = YES;
				CLANG_WARN_BLOCK_CAPTURE_AUTORELEASING = YES;
				CLANG_WARN_BOOL_CONVERSION = YES;
				CLANG_WARN_COMMA = YES;
				CLANG_WARN_CONSTANT_CONVERSION = YES;
				CLANG_WARN_DEPRECATED_OBJC_IMPLEMENTATIONS = YES;
				CLANG_WARN_DIRECT_OBJC_ISA_USAGE = YES_ERROR;
				CLANG_WARN_DOCUMENTATION_COMMENTS = YES;
				CLANG_WARN_EMPTY_BODY = YES;
				CLANG_WARN_ENUM_CONVERSION = YES;
				CLANG_WARN_INFINITE_RECURSION = YES;
				CLANG_WARN_INT_CONVERSION = YES;
				CLANG_WARN_NON_LITERAL_NULL_CONVERSION = YES;
				CLANG_WARN_OBJC_IMPLICIT_RETAIN_SELF = YES;
				CLANG_WARN_OBJC_LITERAL_CONVERSION = YES;
				CLANG_WARN_OBJC_ROOT_CLASS = YES_ERROR;
				CLANG_WARN_RANGE_LOOP_ANALYSIS = YES;
				CLANG_WARN_STRICT_PROTOTYPES = YES;
				CLANG_WARN_SUSPICIOUS_MOVE = YES;
				CLANG_WARN_UNGUARDED_AVAILABILITY = YES_AGGRESSIVE;
				CLANG_WARN_UNREACHABLE_CODE = YES;
				CLANG_WARN__DUPLICATE_METHOD_MATCH = YES;
				COPY_PHASE_STRIP = NO;
				DEBUG_INFORMATION_FORMAT = "dwarf-with-dsym";
				ENABLE_NS_ASSERTIONS = NO;
				ENABLE_STRICT_OBJC_MSGSEND = YES;
				GCC_C_LANGUAGE_STANDARD = gnu11;
				GCC_NO_COMMON_BLOCKS = YES;
				GCC_WARN_64_TO_32_BIT_CONVERSION = YES;
				GCC_WARN_ABOUT_RETURN_TYPE = YES_ERROR;
				GCC_WARN_UNDECLARED_SELECTOR = YES;
				GCC_WARN_UNINITIALIZED_AUTOS = YES_AGGRESSIVE;
				GCC_WARN_UNUSED_FUNCTION = YES;
				GCC_WARN_UNUSED_VARIABLE = YES;
				MACOSX_DEPLOYMENT_TARGET = 10.15;
				MTL_ENABLE_DEBUG_INFO = NO;
				MTL_FAST_MATH = YES;
				SDKROOT = macosx;
				SWIFT_COMPILATION_MODE = wholemodule;
				SWIFT_OPTIMIZATION_LEVEL = "-O";
			};
			name = Release;
		};
		03F0C05F24D7757F00B8E8CF /* Debug */ = {
			isa = XCBuildConfiguration;
			buildSettings = {
				CODE_SIGN_STYLE = Automatic;
				PRODUCT_NAME = "$(TARGET_NAME)";
				SWIFT_VERSION = 5.0;
			};
			name = Debug;
		};
		03F0C06024D7757F00B8E8CF /* Release */ = {
			isa = XCBuildConfiguration;
			buildSettings = {
				CODE_SIGN_STYLE = Automatic;
				PRODUCT_NAME = "$(TARGET_NAME)";
				SWIFT_VERSION = 5.0;
			};
			name = Release;
		};
/* End XCBuildConfiguration section */

/* Begin XCConfigurationList section */
		03F0C05224D7757F00B8E8CF /* Build configuration list for PBXProject "CommandLine" */ = {
			isa = XCConfigurationList;
			buildConfigurations = (
				03F0C05C24D7757F00B8E8CF /* Debug */,
				03F0C05D24D7757F00B8E8CF /* Release */,
			);
			defaultConfigurationIsVisible = 0;
			defaultConfigurationName = Release;
		};
		03F0C05E24D7757F00B8E8CF /* Build configuration list for PBXNativeTarget "CommandLine" */ = {
			isa = XCConfigurationList;
			buildConfigurations = (
				03F0C05F24D7757F00B8E8CF /* Debug */,
				03F0C06024D7757F00B8E8CF /* Release */,
			);
			defaultConfigurationIsVisible = 0;
			defaultConfigurationName = Release;
		};
/* End XCConfigurationList section */

/* Begin XCRemoteSwiftPackageReference section */
		03F0C06124D775F000B8E8CF /* XCRemoteSwiftPackageReference "swift-package-manager" */ = {
			isa = XCRemoteSwiftPackageReference;
			repositoryURL = "https://github.com/apple/swift-package-manager";
			requirement = {
				kind = upToNextMajorVersion;
				minimumVersion = 0.6.0;
			};
		};
		03F0C06624D7766A00B8E8CF /* XCRemoteSwiftPackageReference "swift-syntax" */ = {
			isa = XCRemoteSwiftPackageReference;
			repositoryURL = "https://github.com/apple/swift-syntax";
			requirement = {
				kind = upToNextMajorVersion;
				minimumVersion = 0.50200.0;
			};
		};
/* End XCRemoteSwiftPackageReference section */

/* Begin XCSwiftPackageProductDependency section */
		03F0C06224D775F000B8E8CF /* SwiftPM */ = {
			isa = XCSwiftPackageProductDependency;
			package = 03F0C06124D775F000B8E8CF /* XCRemoteSwiftPackageReference "swift-package-manager" */;
			productName = SwiftPM;
		};
		03F0C06724D7766A00B8E8CF /* SwiftSyntax */ = {
			isa = XCSwiftPackageProductDependency;
			package = 03F0C06624D7766A00B8E8CF /* XCRemoteSwiftPackageReference "swift-syntax" */;
			productName = SwiftSyntax;
		};
		03F0C06924D7766A00B8E8CF /* SwiftSyntaxBuilder */ = {
			isa = XCSwiftPackageProductDependency;
			package = 03F0C06624D7766A00B8E8CF /* XCRemoteSwiftPackageReference "swift-syntax" */;
			productName = SwiftSyntaxBuilder;
		};
/* End XCSwiftPackageProductDependency section */
	};
	rootObject = 03F0C04F24D7757F00B8E8CF /* Project object */;
}
